// !$*UTF8*$!
{
	archiveVersion = 1;
	classes = {
	};
	objectVersion = 46;
	objects = {

/* Begin PBXBuildFile section */
		21F4B9971A36AB9700DD03D6 /* main.m in Sources */ = {isa = PBXBuildFile; fileRef = 21F4B9961A36AB9600DD03D6 /* main.m */; };
		21F4B99A1A36AB9700DD03D6 /* AppDelegate.m in Sources */ = {isa = PBXBuildFile; fileRef = 21F4B9991A36AB9700DD03D6 /* AppDelegate.m */; };
		21F4B99D1A36AB9700DD03D6 /* ViewController.m in Sources */ = {isa = PBXBuildFile; fileRef = 21F4B99C1A36AB9700DD03D6 /* ViewController.m */; };
		21F4B9A01A36AB9700DD03D6 /* Main.storyboard in Resources */ = {isa = PBXBuildFile; fileRef = 21F4B99E1A36AB9700DD03D6 /* Main.storyboard */; };
		21F4B9A21A36AB9700DD03D6 /* Images.xcassets in Resources */ = {isa = PBXBuildFile; fileRef = 21F4B9A11A36AB9700DD03D6 /* Images.xcassets */; };
		21F4B9A51A36AB9700DD03D6 /* LaunchScreen.xib in Resources */ = {isa = PBXBuildFile; fileRef = 21F4B9A31A36AB9700DD03D6 /* LaunchScreen.xib */; };
		21F4B9B11A36AB9700DD03D6 /* UnbeatableTicTacToeTests.m in Sources */ = {isa = PBXBuildFile; fileRef = 21F4B9B01A36AB9700DD03D6 /* UnbeatableTicTacToeTests.m */; };
		21F4B9BF1A36AC4C00DD03D6 /* TTTGameState.m in Sources */ = {isa = PBXBuildFile; fileRef = 21F4B9BE1A36AC4C00DD03D6 /* TTTGameState.m */; };
		21F4B9C21A36ACD500DD03D6 /* TTTGameView.m in Sources */ = {isa = PBXBuildFile; fileRef = 21F4B9C11A36ACD500DD03D6 /* TTTGameView.m */; };
		21F4B9C51A36B31800DD03D6 /* TTTGameViewController.m in Sources */ = {isa = PBXBuildFile; fileRef = 21F4B9C41A36B31800DD03D6 /* TTTGameViewController.m */; };
		21F4B9C81A37E9B600DD03D6 /* TTTPlayer.m in Sources */ = {isa = PBXBuildFile; fileRef = 21F4B9C71A37E9B600DD03D6 /* TTTPlayer.m */; };
		21F4B9CB1A37EA4100DD03D6 /* TTTPlayerAI.m in Sources */ = {isa = PBXBuildFile; fileRef = 21F4B9CA1A37EA4100DD03D6 /* TTTPlayerAI.m */; };
/* End PBXBuildFile section */

/* Begin PBXContainerItemProxy section */
		21F4B9AB1A36AB9700DD03D6 /* PBXContainerItemProxy */ = {
			isa = PBXContainerItemProxy;
			containerPortal = 21F4B9891A36AB9600DD03D6 /* Project object */;
			proxyType = 1;
			remoteGlobalIDString = 21F4B9901A36AB9600DD03D6;
			remoteInfo = UnbeatableTicTacToe;
		};
/* End PBXContainerItemProxy section */

/* Begin PBXFileReference section */
		21F4B9911A36AB9600DD03D6 /* UnbeatableTicTacToe.app */ = {isa = PBXFileReference; explicitFileType = wrapper.application; includeInIndex = 0; path = UnbeatableTicTacToe.app; sourceTree = BUILT_PRODUCTS_DIR; };
		21F4B9951A36AB9600DD03D6 /* Info.plist */ = {isa = PBXFileReference; lastKnownFileType = text.plist.xml; path = Info.plist; sourceTree = "<group>"; };
		21F4B9961A36AB9600DD03D6 /* main.m */ = {isa = PBXFileReference; lastKnownFileType = sourcecode.c.objc; path = main.m; sourceTree = "<group>"; };
		21F4B9981A36AB9700DD03D6 /* AppDelegate.h */ = {isa = PBXFileReference; lastKnownFileType = sourcecode.c.h; path = AppDelegate.h; sourceTree = "<group>"; };
		21F4B9991A36AB9700DD03D6 /* AppDelegate.m */ = {isa = PBXFileReference; lastKnownFileType = sourcecode.c.objc; path = AppDelegate.m; sourceTree = "<group>"; };
		21F4B99B1A36AB9700DD03D6 /* ViewController.h */ = {isa = PBXFileReference; lastKnownFileType = sourcecode.c.h; path = ViewController.h; sourceTree = "<group>"; };
		21F4B99C1A36AB9700DD03D6 /* ViewController.m */ = {isa = PBXFileReference; lastKnownFileType = sourcecode.c.objc; path = ViewController.m; sourceTree = "<group>"; };
		21F4B99F1A36AB9700DD03D6 /* Base */ = {isa = PBXFileReference; lastKnownFileType = file.storyboard; name = Base; path = Base.lproj/Main.storyboard; sourceTree = "<group>"; };
		21F4B9A11A36AB9700DD03D6 /* Images.xcassets */ = {isa = PBXFileReference; lastKnownFileType = folder.assetcatalog; path = Images.xcassets; sourceTree = "<group>"; };
		21F4B9A41A36AB9700DD03D6 /* Base */ = {isa = PBXFileReference; lastKnownFileType = file.xib; name = Base; path = Base.lproj/LaunchScreen.xib; sourceTree = "<group>"; };
		21F4B9AA1A36AB9700DD03D6 /* UnbeatableTicTacToeTests.xctest */ = {isa = PBXFileReference; explicitFileType = wrapper.cfbundle; includeInIndex = 0; path = UnbeatableTicTacToeTests.xctest; sourceTree = BUILT_PRODUCTS_DIR; };
		21F4B9AF1A36AB9700DD03D6 /* Info.plist */ = {isa = PBXFileReference; lastKnownFileType = text.plist.xml; path = Info.plist; sourceTree = "<group>"; };
		21F4B9B01A36AB9700DD03D6 /* UnbeatableTicTacToeTests.m */ = {isa = PBXFileReference; lastKnownFileType = sourcecode.c.objc; path = UnbeatableTicTacToeTests.m; sourceTree = "<group>"; };
		21F4B9BD1A36AC4C00DD03D6 /* TTTGameState.h */ = {isa = PBXFileReference; fileEncoding = 4; lastKnownFileType = sourcecode.c.h; path = TTTGameState.h; sourceTree = "<group>"; };
		21F4B9BE1A36AC4C00DD03D6 /* TTTGameState.m */ = {isa = PBXFileReference; fileEncoding = 4; lastKnownFileType = sourcecode.c.objc; path = TTTGameState.m; sourceTree = "<group>"; };
		21F4B9C01A36ACD500DD03D6 /* TTTGameView.h */ = {isa = PBXFileReference; fileEncoding = 4; lastKnownFileType = sourcecode.c.h; path = TTTGameView.h; sourceTree = "<group>"; };
		21F4B9C11A36ACD500DD03D6 /* TTTGameView.m */ = {isa = PBXFileReference; fileEncoding = 4; lastKnownFileType = sourcecode.c.objc; path = TTTGameView.m; sourceTree = "<group>"; };
		21F4B9C31A36B31800DD03D6 /* TTTGameViewController.h */ = {isa = PBXFileReference; fileEncoding = 4; lastKnownFileType = sourcecode.c.h; path = TTTGameViewController.h; sourceTree = "<group>"; };
		21F4B9C41A36B31800DD03D6 /* TTTGameViewController.m */ = {isa = PBXFileReference; fileEncoding = 4; lastKnownFileType = sourcecode.c.objc; path = TTTGameViewController.m; sourceTree = "<group>"; };
		21F4B9C61A37E9B600DD03D6 /* TTTPlayer.h */ = {isa = PBXFileReference; fileEncoding = 4; lastKnownFileType = sourcecode.c.h; path = TTTPlayer.h; sourceTree = "<group>"; };
		21F4B9C71A37E9B600DD03D6 /* TTTPlayer.m */ = {isa = PBXFileReference; fileEncoding = 4; lastKnownFileType = sourcecode.c.objc; path = TTTPlayer.m; sourceTree = "<group>"; };
		21F4B9C91A37EA4100DD03D6 /* TTTPlayerAI.h */ = {isa = PBXFileReference; fileEncoding = 4; lastKnownFileType = sourcecode.c.h; path = TTTPlayerAI.h; sourceTree = "<group>"; };
		21F4B9CA1A37EA4100DD03D6 /* TTTPlayerAI.m */ = {isa = PBXFileReference; fileEncoding = 4; lastKnownFileType = sourcecode.c.objc; path = TTTPlayerAI.m; sourceTree = "<group>"; };
/* End PBXFileReference section */

/* Begin PBXFrameworksBuildPhase section */
		21F4B98E1A36AB9600DD03D6 /* Frameworks */ = {
			isa = PBXFrameworksBuildPhase;
			buildActionMask = 2147483647;
			files = (
			);
			runOnlyForDeploymentPostprocessing = 0;
		};
		21F4B9A71A36AB9700DD03D6 /* Frameworks */ = {
			isa = PBXFrameworksBuildPhase;
			buildActionMask = 2147483647;
			files = (
			);
			runOnlyForDeploymentPostprocessing = 0;
		};
/* End PBXFrameworksBuildPhase section */

/* Begin PBXGroup section */
		21F4B9881A36AB9600DD03D6 = {
			isa = PBXGroup;
			children = (
				21F4B9931A36AB9600DD03D6 /* UnbeatableTicTacToe */,
				21F4B9AD1A36AB9700DD03D6 /* UnbeatableTicTacToeTests */,
				21F4B9921A36AB9600DD03D6 /* Products */,
			);
			sourceTree = "<group>";
		};
		21F4B9921A36AB9600DD03D6 /* Products */ = {
			isa = PBXGroup;
			children = (
				21F4B9911A36AB9600DD03D6 /* UnbeatableTicTacToe.app */,
				21F4B9AA1A36AB9700DD03D6 /* UnbeatableTicTacToeTests.xctest */,
			);
			name = Products;
			sourceTree = "<group>";
		};
		21F4B9931A36AB9600DD03D6 /* UnbeatableTicTacToe */ = {
			isa = PBXGroup;
			children = (
				21F4B9BB1A36ABB500DD03D6 /* Views */,
				21F4B9BC1A36ABBB00DD03D6 /* Controllers */,
				21F4B9BA1A36ABA500DD03D6 /* Models */,
				21F4B9981A36AB9700DD03D6 /* AppDelegate.h */,
				21F4B9991A36AB9700DD03D6 /* AppDelegate.m */,
				21F4B99B1A36AB9700DD03D6 /* ViewController.h */,
				21F4B99C1A36AB9700DD03D6 /* ViewController.m */,
				21F4B99E1A36AB9700DD03D6 /* Main.storyboard */,
				21F4B9A11A36AB9700DD03D6 /* Images.xcassets */,
				21F4B9A31A36AB9700DD03D6 /* LaunchScreen.xib */,
				21F4B9941A36AB9600DD03D6 /* Supporting Files */,
			);
			path = UnbeatableTicTacToe;
			sourceTree = "<group>";
		};
		21F4B9941A36AB9600DD03D6 /* Supporting Files */ = {
			isa = PBXGroup;
			children = (
				21F4B9951A36AB9600DD03D6 /* Info.plist */,
				21F4B9961A36AB9600DD03D6 /* main.m */,
			);
			name = "Supporting Files";
			sourceTree = "<group>";
		};
		21F4B9AD1A36AB9700DD03D6 /* UnbeatableTicTacToeTests */ = {
			isa = PBXGroup;
			children = (
				21F4B9B01A36AB9700DD03D6 /* UnbeatableTicTacToeTests.m */,
				21F4B9AE1A36AB9700DD03D6 /* Supporting Files */,
			);
			path = UnbeatableTicTacToeTests;
			sourceTree = "<group>";
		};
		21F4B9AE1A36AB9700DD03D6 /* Supporting Files */ = {
			isa = PBXGroup;
			children = (
				21F4B9AF1A36AB9700DD03D6 /* Info.plist */,
			);
			name = "Supporting Files";
			sourceTree = "<group>";
		};
		21F4B9BA1A36ABA500DD03D6 /* Models */ = {
			isa = PBXGroup;
			children = (
				21F4B9BD1A36AC4C00DD03D6 /* TTTGameState.h */,
				21F4B9BE1A36AC4C00DD03D6 /* TTTGameState.m */,
				21F4B9C61A37E9B600DD03D6 /* TTTPlayer.h */,
				21F4B9C71A37E9B600DD03D6 /* TTTPlayer.m */,
				21F4B9C91A37EA4100DD03D6 /* TTTPlayerAI.h */,
				21F4B9CA1A37EA4100DD03D6 /* TTTPlayerAI.m */,
			);
			name = Models;
			sourceTree = "<group>";
		};
		21F4B9BB1A36ABB500DD03D6 /* Views */ = {
			isa = PBXGroup;
			children = (
				21F4B9C01A36ACD500DD03D6 /* TTTGameView.h */,
				21F4B9C11A36ACD500DD03D6 /* TTTGameView.m */,
			);
			name = Views;
			sourceTree = "<group>";
		};
		21F4B9BC1A36ABBB00DD03D6 /* Controllers */ = {
			isa = PBXGroup;
			children = (
				21F4B9C31A36B31800DD03D6 /* TTTGameViewController.h */,
				21F4B9C41A36B31800DD03D6 /* TTTGameViewController.m */,
			);
			name = Controllers;
			sourceTree = "<group>";
		};
/* End PBXGroup section */

/* Begin PBXNativeTarget section */
		21F4B9901A36AB9600DD03D6 /* UnbeatableTicTacToe */ = {
			isa = PBXNativeTarget;
			buildConfigurationList = 21F4B9B41A36AB9700DD03D6 /* Build configuration list for PBXNativeTarget "UnbeatableTicTacToe" */;
			buildPhases = (
				21F4B98D1A36AB9600DD03D6 /* Sources */,
				21F4B98E1A36AB9600DD03D6 /* Frameworks */,
				21F4B98F1A36AB9600DD03D6 /* Resources */,
			);
			buildRules = (
			);
			dependencies = (
			);
			name = UnbeatableTicTacToe;
			productName = UnbeatableTicTacToe;
			productReference = 21F4B9911A36AB9600DD03D6 /* UnbeatableTicTacToe.app */;
			productType = "com.apple.product-type.application";
		};
		21F4B9A91A36AB9700DD03D6 /* UnbeatableTicTacToeTests */ = {
			isa = PBXNativeTarget;
			buildConfigurationList = 21F4B9B71A36AB9700DD03D6 /* Build configuration list for PBXNativeTarget "UnbeatableTicTacToeTests" */;
			buildPhases = (
				21F4B9A61A36AB9700DD03D6 /* Sources */,
				21F4B9A71A36AB9700DD03D6 /* Frameworks */,
				21F4B9A81A36AB9700DD03D6 /* Resources */,
			);
			buildRules = (
			);
			dependencies = (
				21F4B9AC1A36AB9700DD03D6 /* PBXTargetDependency */,
			);
			name = UnbeatableTicTacToeTests;
			productName = UnbeatableTicTacToeTests;
			productReference = 21F4B9AA1A36AB9700DD03D6 /* UnbeatableTicTacToeTests.xctest */;
			productType = "com.apple.product-type.bundle.unit-test";
		};
/* End PBXNativeTarget section */

/* Begin PBXProject section */
		21F4B9891A36AB9600DD03D6 /* Project object */ = {
			isa = PBXProject;
			attributes = {
				LastUpgradeCheck = 0610;
				ORGANIZATIONNAME = "Charlie Weill";
				TargetAttributes = {
					21F4B9901A36AB9600DD03D6 = {
						CreatedOnToolsVersion = 6.1.1;
					};
					21F4B9A91A36AB9700DD03D6 = {
						CreatedOnToolsVersion = 6.1.1;
						TestTargetID = 21F4B9901A36AB9600DD03D6;
					};
				};
			};
			buildConfigurationList = 21F4B98C1A36AB9600DD03D6 /* Build configuration list for PBXProject "UnbeatableTicTacToe" */;
			compatibilityVersion = "Xcode 3.2";
			developmentRegion = English;
			hasScannedForEncodings = 0;
			knownRegions = (
				en,
				Base,
			);
			mainGroup = 21F4B9881A36AB9600DD03D6;
			productRefGroup = 21F4B9921A36AB9600DD03D6 /* Products */;
			projectDirPath = "";
			projectRoot = "";
			targets = (
				21F4B9901A36AB9600DD03D6 /* UnbeatableTicTacToe */,
				21F4B9A91A36AB9700DD03D6 /* UnbeatableTicTacToeTests */,
			);
		};
/* End PBXProject section */

/* Begin PBXResourcesBuildPhase section */
		21F4B98F1A36AB9600DD03D6 /* Resources */ = {
			isa = PBXResourcesBuildPhase;
			buildActionMask = 2147483647;
			files = (
				21F4B9A01A36AB9700DD03D6 /* Main.storyboard in Resources */,
				21F4B9A51A36AB9700DD03D6 /* LaunchScreen.xib in Resources */,
				21F4B9A21A36AB9700DD03D6 /* Images.xcassets in Resources */,
			);
			runOnlyForDeploymentPostprocessing = 0;
		};
		21F4B9A81A36AB9700DD03D6 /* Resources */ = {
			isa = PBXResourcesBuildPhase;
			buildActionMask = 2147483647;
			files = (
			);
			runOnlyForDeploymentPostprocessing = 0;
		};
/* End PBXResourcesBuildPhase section */

/* Begin PBXSourcesBuildPhase section */
		21F4B98D1A36AB9600DD03D6 /* Sources */ = {
			isa = PBXSourcesBuildPhase;
			buildActionMask = 2147483647;
			files = (
				21F4B9BF1A36AC4C00DD03D6 /* TTTGameState.m in Sources */,
				21F4B99D1A36AB9700DD03D6 /* ViewController.m in Sources */,
				21F4B99A1A36AB9700DD03D6 /* AppDelegate.m in Sources */,
				21F4B9CB1A37EA4100DD03D6 /* TTTPlayerAI.m in Sources */,
				21F4B9C51A36B31800DD03D6 /* TTTGameViewController.m in Sources */,
				21F4B9C21A36ACD500DD03D6 /* TTTGameView.m in Sources */,
				21F4B9C81A37E9B600DD03D6 /* TTTPlayer.m in Sources */,
				21F4B9971A36AB9700DD03D6 /* main.m in Sources */,
			);
			runOnlyForDeploymentPostprocessing = 0;
		};
		21F4B9A61A36AB9700DD03D6 /* Sources */ = {
			isa = PBXSourcesBuildPhase;
			buildActionMask = 2147483647;
			files = (
				21F4B9B11A36AB9700DD03D6 /* UnbeatableTicTacToeTests.m in Sources */,
			);
			runOnlyForDeploymentPostprocessing = 0;
		};
/* End PBXSourcesBuildPhase section */

/* Begin PBXTargetDependency section */
		21F4B9AC1A36AB9700DD03D6 /* PBXTargetDependency */ = {
			isa = PBXTargetDependency;
			target = 21F4B9901A36AB9600DD03D6 /* UnbeatableTicTacToe */;
			targetProxy = 21F4B9AB1A36AB9700DD03D6 /* PBXContainerItemProxy */;
		};
/* End PBXTargetDependency section */

/* Begin PBXVariantGroup section */
		21F4B99E1A36AB9700DD03D6 /* Main.storyboard */ = {
			isa = PBXVariantGroup;
			children = (
				21F4B99F1A36AB9700DD03D6 /* Base */,
			);
			name = Main.storyboard;
			sourceTree = "<group>";
		};
		21F4B9A31A36AB9700DD03D6 /* LaunchScreen.xib */ = {
			isa = PBXVariantGroup;
			children = (
				21F4B9A41A36AB9700DD03D6 /* Base */,
			);
			name = LaunchScreen.xib;
			sourceTree = "<group>";
		};
/* End PBXVariantGroup section */

/* Begin XCBuildConfiguration section */
		21F4B9B21A36AB9700DD03D6 /* Debug */ = {
			isa = XCBuildConfiguration;
			buildSettings = {
				ALWAYS_SEARCH_USER_PATHS = NO;
				CLANG_CXX_LANGUAGE_STANDARD = "gnu++0x";
				CLANG_CXX_LIBRARY = "libc++";
				CLANG_ENABLE_MODULES = YES;
				CLANG_ENABLE_OBJC_ARC = YES;
				CLANG_WARN_BOOL_CONVERSION = YES;
				CLANG_WARN_CONSTANT_CONVERSION = YES;
				CLANG_WARN_DIRECT_OBJC_ISA_USAGE = YES_ERROR;
				CLANG_WARN_EMPTY_BODY = YES;
				CLANG_WARN_ENUM_CONVERSION = YES;
				CLANG_WARN_INT_CONVERSION = YES;
				CLANG_WARN_OBJC_ROOT_CLASS = YES_ERROR;
				CLANG_WARN_UNREACHABLE_CODE = YES;
				CLANG_WARN__DUPLICATE_METHOD_MATCH = YES;
				"CODE_SIGN_IDENTITY[sdk=iphoneos*]" = "iPhone Developer";
				COPY_PHASE_STRIP = NO;
				ENABLE_STRICT_OBJC_MSGSEND = YES;
				GCC_C_LANGUAGE_STANDARD = gnu99;
				GCC_DYNAMIC_NO_PIC = NO;
				GCC_OPTIMIZATION_LEVEL = 0;
				GCC_PREPROCESSOR_DEFINITIONS = (
					"DEBUG=1",
					"$(inherited)",
				);
				GCC_SYMBOLS_PRIVATE_EXTERN = NO;
				GCC_WARN_64_TO_32_BIT_CONVERSION = YES;
				GCC_WARN_ABOUT_RETURN_TYPE = YES_ERROR;
				GCC_WARN_UNDECLARED_SELECTOR = YES;
				GCC_WARN_UNINITIALIZED_AUTOS = YES_AGGRESSIVE;
				GCC_WARN_UNUSED_FUNCTION = YES;
				GCC_WARN_UNUSED_VARIABLE = YES;
				IPHONEOS_DEPLOYMENT_TARGET = 8.1;
				MTL_ENABLE_DEBUG_INFO = YES;
				ONLY_ACTIVE_ARCH = YES;
				SDKROOT = iphoneos;
			};
			name = Debug;
		};
		21F4B9B31A36AB9700DD03D6 /* Release */ = {
			isa = XCBuildConfiguration;
			buildSettings = {
				ALWAYS_SEARCH_USER_PATHS = NO;
				CLANG_CXX_LANGUAGE_STANDARD = "gnu++0x";
				CLANG_CXX_LIBRARY = "libc++";
				CLANG_ENABLE_MODULES = YES;
				CLANG_ENABLE_OBJC_ARC = YES;
				CLANG_WARN_BOOL_CONVERSION = YES;
				CLANG_WARN_CONSTANT_CONVERSION = YES;
				CLANG_WARN_DIRECT_OBJC_ISA_USAGE = YES_ERROR;
				CLANG_WARN_EMPTY_BODY = YES;
				CLANG_WARN_ENUM_CONVERSION = YES;
				CLANG_WARN_INT_CONVERSION = YES;
				CLANG_WARN_OBJC_ROOT_CLASS = YES_ERROR;
				CLANG_WARN_UNREACHABLE_CODE = YES;
				CLANG_WARN__DUPLICATE_METHOD_MATCH = YES;
				"CODE_SIGN_IDENTITY[sdk=iphoneos*]" = "iPhone Developer";
				COPY_PHASE_STRIP = YES;
				ENABLE_NS_ASSERTIONS = NO;
				ENABLE_STRICT_OBJC_MSGSEND = YES;
				GCC_C_LANGUAGE_STANDARD = gnu99;
				GCC_WARN_64_TO_32_BIT_CONVERSION = YES;
				GCC_WARN_ABOUT_RETURN_TYPE = YES_ERROR;
				GCC_WARN_UNDECLARED_SELECTOR = YES;
				GCC_WARN_UNINITIALIZED_AUTOS = YES_AGGRESSIVE;
				GCC_WARN_UNUSED_FUNCTION = YES;
				GCC_WARN_UNUSED_VARIABLE = YES;
				IPHONEOS_DEPLOYMENT_TARGET = 8.1;
				MTL_ENABLE_DEBUG_INFO = NO;
				SDKROOT = iphoneos;
				VALIDATE_PRODUCT = YES;
			};
			name = Release;
		};
		21F4B9B51A36AB9700DD03D6 /* Debug */ = {
			isa = XCBuildConfiguration;
			buildSettings = {
				ASSETCATALOG_COMPILER_APPICON_NAME = AppIcon;
				INFOPLIST_FILE = UnbeatableTicTacToe/Info.plist;
				LD_RUNPATH_SEARCH_PATHS = "$(inherited) @executable_path/Frameworks";
				PRODUCT_NAME = "$(TARGET_NAME)";
			};
			name = Debug;
		};
		21F4B9B61A36AB9700DD03D6 /* Release */ = {
			isa = XCBuildConfiguration;
			buildSettings = {
				ASSETCATALOG_COMPILER_APPICON_NAME = AppIcon;
				INFOPLIST_FILE = UnbeatableTicTacToe/Info.plist;
				LD_RUNPATH_SEARCH_PATHS = "$(inherited) @executable_path/Frameworks";
				PRODUCT_NAME = "$(TARGET_NAME)";
			};
			name = Release;
		};
		21F4B9B81A36AB9700DD03D6 /* Debug */ = {
			isa = XCBuildConfiguration;
			buildSettings = {
				BUNDLE_LOADER = "$(TEST_HOST)";
				FRAMEWORK_SEARCH_PATHS = (
					"$(SDKROOT)/Developer/Library/Frameworks",
					"$(inherited)",
				);
				GCC_PREPROCESSOR_DEFINITIONS = (
					"DEBUG=1",
					"$(inherited)",
				);
				INFOPLIST_FILE = UnbeatableTicTacToeTests/Info.plist;
				LD_RUNPATH_SEARCH_PATHS = "$(inherited) @executable_path/Frameworks @loader_path/Frameworks";
				PRODUCT_NAME = "$(TARGET_NAME)";
				TEST_HOST = "$(BUILT_PRODUCTS_DIR)/UnbeatableTicTacToe.app/UnbeatableTicTacToe";
			};
			name = Debug;
		};
		21F4B9B91A36AB9700DD03D6 /* Release */ = {
			isa = XCBuildConfiguration;
			buildSettings = {
				BUNDLE_LOADER = "$(TEST_HOST)";
				FRAMEWORK_SEARCH_PATHS = (
					"$(SDKROOT)/Developer/Library/Frameworks",
					"$(inherited)",
				);
				INFOPLIST_FILE = UnbeatableTicTacToeTests/Info.plist;
				LD_RUNPATH_SEARCH_PATHS = "$(inherited) @executable_path/Frameworks @loader_path/Frameworks";
				PRODUCT_NAME = "$(TARGET_NAME)";
				TEST_HOST = "$(BUILT_PRODUCTS_DIR)/UnbeatableTicTacToe.app/UnbeatableTicTacToe";
			};
			name = Release;
		};
/* End XCBuildConfiguration section */

/* Begin XCConfigurationList section */
		21F4B98C1A36AB9600DD03D6 /* Build configuration list for PBXProject "UnbeatableTicTacToe" */ = {
			isa = XCConfigurationList;
			buildConfigurations = (
				21F4B9B21A36AB9700DD03D6 /* Debug */,
				21F4B9B31A36AB9700DD03D6 /* Release */,
			);
			defaultConfigurationIsVisible = 0;
			defaultConfigurationName = Release;
		};
		21F4B9B41A36AB9700DD03D6 /* Build configuration list for PBXNativeTarget "UnbeatableTicTacToe" */ = {
			isa = XCConfigurationList;
			buildConfigurations = (
				21F4B9B51A36AB9700DD03D6 /* Debug */,
				21F4B9B61A36AB9700DD03D6 /* Release */,
			);
			defaultConfigurationIsVisible = 0;
		};
		21F4B9B71A36AB9700DD03D6 /* Build configuration list for PBXNativeTarget "UnbeatableTicTacToeTests" */ = {
			isa = XCConfigurationList;
			buildConfigurations = (
				21F4B9B81A36AB9700DD03D6 /* Debug */,
				21F4B9B91A36AB9700DD03D6 /* Release */,
			);
			defaultConfigurationIsVisible = 0;
		};
/* End XCConfigurationList section */
	};
	rootObject = 21F4B9891A36AB9600DD03D6 /* Project object */;
}
